// !$*UTF8*$!
{
	archiveVersion = 1;
	classes = {
	};
	objectVersion = 46;
	objects = {

/* Begin PBXBuildFile section */
		CBC3C3BB1BA3222700251F19 /* AppDelegate.swift in Sources */ = {isa = PBXBuildFile; fileRef = CBC3C3BA1BA3222700251F19 /* AppDelegate.swift */; };
		CBC3C3C21BA3222700251F19 /* Assets.xcassets in Resources */ = {isa = PBXBuildFile; fileRef = CBC3C3C11BA3222700251F19 /* Assets.xcassets */; };
		CBC3C3C51BA3222700251F19 /* LaunchScreen.storyboard in Resources */ = {isa = PBXBuildFile; fileRef = CBC3C3C31BA3222700251F19 /* LaunchScreen.storyboard */; };
		CBC3C3D01BA3222700251F19 /* ReactTests.swift in Sources */ = {isa = PBXBuildFile; fileRef = CBC3C3CF1BA3222700251F19 /* ReactTests.swift */; };
		CBC3C3DB1BA3222700251F19 /* ReactUITests.swift in Sources */ = {isa = PBXBuildFile; fileRef = CBC3C3DA1BA3222700251F19 /* ReactUITests.swift */; };
		CBC3C3F01BA3250700251F19 /* RxBlocking.framework in Frameworks */ = {isa = PBXBuildFile; fileRef = CBC3C3ED1BA3250700251F19 /* RxBlocking.framework */; };
		CBC3C3F11BA3250700251F19 /* RxBlocking.framework in Embed Frameworks */ = {isa = PBXBuildFile; fileRef = CBC3C3ED1BA3250700251F19 /* RxBlocking.framework */; settings = {ATTRIBUTES = (CodeSignOnCopy, RemoveHeadersOnCopy, ); }; };
		CBC3C3F21BA3250700251F19 /* RxCocoa.framework in Frameworks */ = {isa = PBXBuildFile; fileRef = CBC3C3EE1BA3250700251F19 /* RxCocoa.framework */; };
		CBC3C3F31BA3250700251F19 /* RxCocoa.framework in Embed Frameworks */ = {isa = PBXBuildFile; fileRef = CBC3C3EE1BA3250700251F19 /* RxCocoa.framework */; settings = {ATTRIBUTES = (CodeSignOnCopy, RemoveHeadersOnCopy, ); }; };
		CBC3C3F41BA3250700251F19 /* RxSwift.framework in Frameworks */ = {isa = PBXBuildFile; fileRef = CBC3C3EF1BA3250700251F19 /* RxSwift.framework */; };
		CBC3C3F51BA3250700251F19 /* RxSwift.framework in Embed Frameworks */ = {isa = PBXBuildFile; fileRef = CBC3C3EF1BA3250700251F19 /* RxSwift.framework */; settings = {ATTRIBUTES = (CodeSignOnCopy, RemoveHeadersOnCopy, ); }; };
		CBC3C3F81BA327E600251F19 /* CarViewModel.swift in Sources */ = {isa = PBXBuildFile; fileRef = CBC3C3F71BA327E600251F19 /* CarViewModel.swift */; settings = {ASSET_TAGS = (); }; };
		CBC3C3FC1BA33EAD00251F19 /* ViewModelBase.swift in Sources */ = {isa = PBXBuildFile; fileRef = CBC3C3FB1BA33EAD00251F19 /* ViewModelBase.swift */; settings = {ASSET_TAGS = (); }; };
		CBC3C3FE1BA33F3E00251F19 /* ViewControllerBase.swift in Sources */ = {isa = PBXBuildFile; fileRef = CBC3C3FD1BA33F3E00251F19 /* ViewControllerBase.swift */; settings = {ASSET_TAGS = (); }; };
		CBC3C4011BA3423600251F19 /* ModelFactory.swift in Sources */ = {isa = PBXBuildFile; fileRef = CBC3C4001BA3423600251F19 /* ModelFactory.swift */; settings = {ASSET_TAGS = (); }; };
		CBC3C4031BA3426200251F19 /* Car.swift in Sources */ = {isa = PBXBuildFile; fileRef = CBC3C4021BA3426200251F19 /* Car.swift */; settings = {ASSET_TAGS = (); }; };
		CBC3C4051BA3447400251F19 /* CarViewController.swift in Sources */ = {isa = PBXBuildFile; fileRef = CBC3C4041BA3447400251F19 /* CarViewController.swift */; settings = {ASSET_TAGS = (); }; };
		CBC3C4081BA34C1A00251F19 /* CarsViewModel.swift in Sources */ = {isa = PBXBuildFile; fileRef = CBC3C4071BA34C1A00251F19 /* CarsViewModel.swift */; settings = {ASSET_TAGS = (); }; };
		CBC3C40A1BA34C7B00251F19 /* CarsTableViewController.swift in Sources */ = {isa = PBXBuildFile; fileRef = CBC3C4091BA34C7B00251F19 /* CarsTableViewController.swift */; settings = {ASSET_TAGS = (); }; };
		CBC3C40E1BA36F6F00251F19 /* Observables.swift in Sources */ = {isa = PBXBuildFile; fileRef = CBC3C40D1BA36F6F00251F19 /* Observables.swift */; settings = {ASSET_TAGS = (); }; };
		CBC3C4121BA376FA00251F19 /* TableViewControllerBase.swift in Sources */ = {isa = PBXBuildFile; fileRef = CBC3C4111BA376FA00251F19 /* TableViewControllerBase.swift */; settings = {ASSET_TAGS = (); }; };
		CBC3C4171BA488ED00251F19 /* CarViewModelTests.swift in Sources */ = {isa = PBXBuildFile; fileRef = CBC3C4161BA488ED00251F19 /* CarViewModelTests.swift */; settings = {ASSET_TAGS = (); }; };
		CBC3C4201BA48C9500251F19 /* CarTests.swift in Sources */ = {isa = PBXBuildFile; fileRef = CBC3C41F1BA48C9500251F19 /* CarTests.swift */; settings = {ASSET_TAGS = (); }; };
		CBC3C4241BA494D700251F19 /* ObservablesTests.swift in Sources */ = {isa = PBXBuildFile; fileRef = CBC3C4231BA494D700251F19 /* ObservablesTests.swift */; settings = {ASSET_TAGS = (); }; };
/* End PBXBuildFile section */

/* Begin PBXContainerItemProxy section */
		CBC3C3CC1BA3222700251F19 /* PBXContainerItemProxy */ = {
			isa = PBXContainerItemProxy;
			containerPortal = CBC3C3AF1BA3222700251F19 /* Project object */;
			proxyType = 1;
			remoteGlobalIDString = CBC3C3B61BA3222700251F19;
			remoteInfo = React;
		};
		CBC3C3D71BA3222700251F19 /* PBXContainerItemProxy */ = {
			isa = PBXContainerItemProxy;
			containerPortal = CBC3C3AF1BA3222700251F19 /* Project object */;
			proxyType = 1;
			remoteGlobalIDString = CBC3C3B61BA3222700251F19;
			remoteInfo = React;
		};
/* End PBXContainerItemProxy section */

/* Begin PBXCopyFilesBuildPhase section */
		CBC3C3F61BA3250700251F19 /* Embed Frameworks */ = {
			isa = PBXCopyFilesBuildPhase;
			buildActionMask = 2147483647;
			dstPath = "";
			dstSubfolderSpec = 10;
			files = (
				CBC3C3F31BA3250700251F19 /* RxCocoa.framework in Embed Frameworks */,
				CBC3C3F11BA3250700251F19 /* RxBlocking.framework in Embed Frameworks */,
				CBC3C3F51BA3250700251F19 /* RxSwift.framework in Embed Frameworks */,
			);
			name = "Embed Frameworks";
			runOnlyForDeploymentPostprocessing = 0;
		};
/* End PBXCopyFilesBuildPhase section */

/* Begin PBXFileReference section */
		CBC3C3B71BA3222700251F19 /* React.app */ = {isa = PBXFileReference; explicitFileType = wrapper.application; includeInIndex = 0; path = React.app; sourceTree = BUILT_PRODUCTS_DIR; };
		CBC3C3BA1BA3222700251F19 /* AppDelegate.swift */ = {isa = PBXFileReference; lastKnownFileType = sourcecode.swift; path = AppDelegate.swift; sourceTree = "<group>"; };
		CBC3C3C11BA3222700251F19 /* Assets.xcassets */ = {isa = PBXFileReference; lastKnownFileType = folder.assetcatalog; path = Assets.xcassets; sourceTree = "<group>"; };
		CBC3C3C41BA3222700251F19 /* Base */ = {isa = PBXFileReference; lastKnownFileType = file.storyboard; name = Base; path = Base.lproj/LaunchScreen.storyboard; sourceTree = "<group>"; };
		CBC3C3C61BA3222700251F19 /* Info.plist */ = {isa = PBXFileReference; lastKnownFileType = text.plist.xml; path = Info.plist; sourceTree = "<group>"; };
		CBC3C3CB1BA3222700251F19 /* ReactTests.xctest */ = {isa = PBXFileReference; explicitFileType = wrapper.cfbundle; includeInIndex = 0; path = ReactTests.xctest; sourceTree = BUILT_PRODUCTS_DIR; };
		CBC3C3CF1BA3222700251F19 /* ReactTests.swift */ = {isa = PBXFileReference; lastKnownFileType = sourcecode.swift; path = ReactTests.swift; sourceTree = "<group>"; };
		CBC3C3D11BA3222700251F19 /* Info.plist */ = {isa = PBXFileReference; lastKnownFileType = text.plist.xml; path = Info.plist; sourceTree = "<group>"; };
		CBC3C3D61BA3222700251F19 /* ReactUITests.xctest */ = {isa = PBXFileReference; explicitFileType = wrapper.cfbundle; includeInIndex = 0; path = ReactUITests.xctest; sourceTree = BUILT_PRODUCTS_DIR; };
		CBC3C3DA1BA3222700251F19 /* ReactUITests.swift */ = {isa = PBXFileReference; lastKnownFileType = sourcecode.swift; path = ReactUITests.swift; sourceTree = "<group>"; };
		CBC3C3DC1BA3222700251F19 /* Info.plist */ = {isa = PBXFileReference; lastKnownFileType = text.plist.xml; path = Info.plist; sourceTree = "<group>"; };
		CBC3C3ED1BA3250700251F19 /* RxBlocking.framework */ = {isa = PBXFileReference; lastKnownFileType = wrapper.framework; name = RxBlocking.framework; path = Carthage/Build/iOS/RxBlocking.framework; sourceTree = "<group>"; };
		CBC3C3EE1BA3250700251F19 /* RxCocoa.framework */ = {isa = PBXFileReference; lastKnownFileType = wrapper.framework; name = RxCocoa.framework; path = Carthage/Build/iOS/RxCocoa.framework; sourceTree = "<group>"; };
		CBC3C3EF1BA3250700251F19 /* RxSwift.framework */ = {isa = PBXFileReference; lastKnownFileType = wrapper.framework; name = RxSwift.framework; path = Carthage/Build/iOS/RxSwift.framework; sourceTree = "<group>"; };
		CBC3C3F71BA327E600251F19 /* CarViewModel.swift */ = {isa = PBXFileReference; fileEncoding = 4; lastKnownFileType = sourcecode.swift; path = CarViewModel.swift; sourceTree = "<group>"; };
		CBC3C3FB1BA33EAD00251F19 /* ViewModelBase.swift */ = {isa = PBXFileReference; fileEncoding = 4; lastKnownFileType = sourcecode.swift; path = ViewModelBase.swift; sourceTree = "<group>"; };
		CBC3C3FD1BA33F3E00251F19 /* ViewControllerBase.swift */ = {isa = PBXFileReference; fileEncoding = 4; lastKnownFileType = sourcecode.swift; path = ViewControllerBase.swift; sourceTree = "<group>"; };
		CBC3C4001BA3423600251F19 /* ModelFactory.swift */ = {isa = PBXFileReference; fileEncoding = 4; lastKnownFileType = sourcecode.swift; path = ModelFactory.swift; sourceTree = "<group>"; };
		CBC3C4021BA3426200251F19 /* Car.swift */ = {isa = PBXFileReference; fileEncoding = 4; lastKnownFileType = sourcecode.swift; path = Car.swift; sourceTree = "<group>"; };
		CBC3C4041BA3447400251F19 /* CarViewController.swift */ = {isa = PBXFileReference; fileEncoding = 4; lastKnownFileType = sourcecode.swift; path = CarViewController.swift; sourceTree = "<group>"; };
		CBC3C4071BA34C1A00251F19 /* CarsViewModel.swift */ = {isa = PBXFileReference; fileEncoding = 4; lastKnownFileType = sourcecode.swift; path = CarsViewModel.swift; sourceTree = "<group>"; };
		CBC3C4091BA34C7B00251F19 /* CarsTableViewController.swift */ = {isa = PBXFileReference; fileEncoding = 4; lastKnownFileType = sourcecode.swift; path = CarsTableViewController.swift; sourceTree = "<group>"; };
		CBC3C40D1BA36F6F00251F19 /* Observables.swift */ = {isa = PBXFileReference; fileEncoding = 4; lastKnownFileType = sourcecode.swift; path = Observables.swift; sourceTree = "<group>"; };
		CBC3C4111BA376FA00251F19 /* TableViewControllerBase.swift */ = {isa = PBXFileReference; fileEncoding = 4; lastKnownFileType = sourcecode.swift; path = TableViewControllerBase.swift; sourceTree = "<group>"; };
		CBC3C4161BA488ED00251F19 /* CarViewModelTests.swift */ = {isa = PBXFileReference; fileEncoding = 4; lastKnownFileType = sourcecode.swift; path = CarViewModelTests.swift; sourceTree = "<group>"; };
		CBC3C4181BA4892500251F19 /* Nimble.framework */ = {isa = PBXFileReference; lastKnownFileType = wrapper.framework; name = Nimble.framework; path = Carthage/Build/iOS/Nimble.framework; sourceTree = "<group>"; };
		CBC3C4191BA4892500251F19 /* Quick.framework */ = {isa = PBXFileReference; lastKnownFileType = wrapper.framework; name = Quick.framework; path = Carthage/Build/iOS/Quick.framework; sourceTree = "<group>"; };
		CBC3C41F1BA48C9500251F19 /* CarTests.swift */ = {isa = PBXFileReference; fileEncoding = 4; lastKnownFileType = sourcecode.swift; path = CarTests.swift; sourceTree = "<group>"; };
		CBC3C4231BA494D700251F19 /* ObservablesTests.swift */ = {isa = PBXFileReference; fileEncoding = 4; lastKnownFileType = sourcecode.swift; path = ObservablesTests.swift; sourceTree = "<group>"; };
/* End PBXFileReference section */

/* Begin PBXFrameworksBuildPhase section */
		CBC3C3B41BA3222700251F19 /* Frameworks */ = {
			isa = PBXFrameworksBuildPhase;
			buildActionMask = 2147483647;
			files = (
				CBC3C3F21BA3250700251F19 /* RxCocoa.framework in Frameworks */,
				CBC3C3F01BA3250700251F19 /* RxBlocking.framework in Frameworks */,
				CBC3C3F41BA3250700251F19 /* RxSwift.framework in Frameworks */,
			);
			runOnlyForDeploymentPostprocessing = 0;
		};
		CBC3C3C81BA3222700251F19 /* Frameworks */ = {
			isa = PBXFrameworksBuildPhase;
			buildActionMask = 2147483647;
			files = (
			);
			runOnlyForDeploymentPostprocessing = 0;
		};
		CBC3C3D31BA3222700251F19 /* Frameworks */ = {
			isa = PBXFrameworksBuildPhase;
			buildActionMask = 2147483647;
			files = (
			);
			runOnlyForDeploymentPostprocessing = 0;
		};
/* End PBXFrameworksBuildPhase section */

/* Begin PBXGroup section */
		CBC3C3AE1BA3222700251F19 = {
			isa = PBXGroup;
			children = (
				CBC3C3B91BA3222700251F19 /* React */,
				CBC3C3CE1BA3222700251F19 /* ReactTests */,
				CBC3C3D91BA3222700251F19 /* ReactUITests */,
				CBC3C3B81BA3222700251F19 /* Products */,
				CBC3C4061BA3476E00251F19 /* Frameworks */,
			);
			sourceTree = "<group>";
		};
		CBC3C3B81BA3222700251F19 /* Products */ = {
			isa = PBXGroup;
			children = (
				CBC3C3B71BA3222700251F19 /* React.app */,
				CBC3C3CB1BA3222700251F19 /* ReactTests.xctest */,
				CBC3C3D61BA3222700251F19 /* ReactUITests.xctest */,
			);
			name = Products;
			sourceTree = "<group>";
		};
		CBC3C3B91BA3222700251F19 /* React */ = {
			isa = PBXGroup;
			children = (
				CBC3C3FF1BA3420700251F19 /* Factories */,
				CBC3C3E81BA3243E00251F19 /* Models */,
				CBC3C3E91BA3243E00251F19 /* ViewControllers */,
				CBC3C3EB1BA3243E00251F19 /* ViewModels */,
				CBC3C3BA1BA3222700251F19 /* AppDelegate.swift */,
				CBC3C3C11BA3222700251F19 /* Assets.xcassets */,
				CBC3C3C31BA3222700251F19 /* LaunchScreen.storyboard */,
				CBC3C3C61BA3222700251F19 /* Info.plist */,
			);
			path = React;
			sourceTree = "<group>";
		};
		CBC3C3CE1BA3222700251F19 /* ReactTests */ = {
			isa = PBXGroup;
			children = (
				CBC3C4131BA488E000251F19 /* Models */,
				CBC3C4141BA488E000251F19 /* ViewControllers */,
				CBC3C4151BA488E000251F19 /* ViewModels */,
				CBC3C3CF1BA3222700251F19 /* ReactTests.swift */,
				CBC3C3D11BA3222700251F19 /* Info.plist */,
			);
			path = ReactTests;
			sourceTree = "<group>";
		};
		CBC3C3D91BA3222700251F19 /* ReactUITests */ = {
			isa = PBXGroup;
			children = (
				CBC3C3DA1BA3222700251F19 /* ReactUITests.swift */,
				CBC3C3DC1BA3222700251F19 /* Info.plist */,
			);
			path = ReactUITests;
			sourceTree = "<group>";
		};
		CBC3C3E81BA3243E00251F19 /* Models */ = {
			isa = PBXGroup;
			children = (
				CBC3C4021BA3426200251F19 /* Car.swift */,
				CBC3C40D1BA36F6F00251F19 /* Observables.swift */,
			);
			path = Models;
			sourceTree = "<group>";
		};
		CBC3C3E91BA3243E00251F19 /* ViewControllers */ = {
			isa = PBXGroup;
			children = (
				CBC3C3FD1BA33F3E00251F19 /* ViewControllerBase.swift */,
				CBC3C4111BA376FA00251F19 /* TableViewControllerBase.swift */,
				CBC3C4041BA3447400251F19 /* CarViewController.swift */,
				CBC3C4091BA34C7B00251F19 /* CarsTableViewController.swift */,
			);
			path = ViewControllers;
			sourceTree = "<group>";
		};
		CBC3C3EB1BA3243E00251F19 /* ViewModels */ = {
			isa = PBXGroup;
			children = (
				CBC3C3FB1BA33EAD00251F19 /* ViewModelBase.swift */,
				CBC3C3F71BA327E600251F19 /* CarViewModel.swift */,
				CBC3C4071BA34C1A00251F19 /* CarsViewModel.swift */,
			);
			path = ViewModels;
			sourceTree = "<group>";
		};
		CBC3C3FF1BA3420700251F19 /* Factories */ = {
			isa = PBXGroup;
			children = (
				CBC3C4001BA3423600251F19 /* ModelFactory.swift */,
			);
			path = Factories;
			sourceTree = "<group>";
		};
		CBC3C4061BA3476E00251F19 /* Frameworks */ = {
			isa = PBXGroup;
			children = (
				CBC3C4181BA4892500251F19 /* Nimble.framework */,
				CBC3C4191BA4892500251F19 /* Quick.framework */,
				CBC3C3ED1BA3250700251F19 /* RxBlocking.framework */,
				CBC3C3EE1BA3250700251F19 /* RxCocoa.framework */,
				CBC3C3EF1BA3250700251F19 /* RxSwift.framework */,
			);
			name = Frameworks;
			sourceTree = "<group>";
		};
		CBC3C4131BA488E000251F19 /* Models */ = {
			isa = PBXGroup;
			children = (
				CBC3C41F1BA48C9500251F19 /* CarTests.swift */,
				CBC3C4231BA494D700251F19 /* ObservablesTests.swift */,
			);
			path = Models;
			sourceTree = "<group>";
		};
		CBC3C4141BA488E000251F19 /* ViewControllers */ = {
			isa = PBXGroup;
			children = (
			);
			path = ViewControllers;
			sourceTree = "<group>";
		};
		CBC3C4151BA488E000251F19 /* ViewModels */ = {
			isa = PBXGroup;
			children = (
				CBC3C4161BA488ED00251F19 /* CarViewModelTests.swift */,
			);
			path = ViewModels;
			sourceTree = "<group>";
		};
/* End PBXGroup section */

/* Begin PBXNativeTarget section */
		CBC3C3B61BA3222700251F19 /* React */ = {
			isa = PBXNativeTarget;
			buildConfigurationList = CBC3C3DF1BA3222700251F19 /* Build configuration list for PBXNativeTarget "React" */;
			buildPhases = (
				CBC3C3B31BA3222700251F19 /* Sources */,
				CBC3C3B41BA3222700251F19 /* Frameworks */,
				CBC3C3B51BA3222700251F19 /* Resources */,
				CBC3C3F61BA3250700251F19 /* Embed Frameworks */,
			);
			buildRules = (
			);
			dependencies = (
			);
			name = React;
			productName = React;
			productReference = CBC3C3B71BA3222700251F19 /* React.app */;
			productType = "com.apple.product-type.application";
		};
		CBC3C3CA1BA3222700251F19 /* ReactTests */ = {
			isa = PBXNativeTarget;
			buildConfigurationList = CBC3C3E21BA3222700251F19 /* Build configuration list for PBXNativeTarget "ReactTests" */;
			buildPhases = (
				CBC3C3C71BA3222700251F19 /* Sources */,
				CBC3C3C81BA3222700251F19 /* Frameworks */,
				CBC3C3C91BA3222700251F19 /* Resources */,
			);
			buildRules = (
			);
			dependencies = (
				CBC3C3CD1BA3222700251F19 /* PBXTargetDependency */,
			);
			name = ReactTests;
			productName = ReactTests;
			productReference = CBC3C3CB1BA3222700251F19 /* ReactTests.xctest */;
			productType = "com.apple.product-type.bundle.unit-test";
		};
		CBC3C3D51BA3222700251F19 /* ReactUITests */ = {
			isa = PBXNativeTarget;
			buildConfigurationList = CBC3C3E51BA3222700251F19 /* Build configuration list for PBXNativeTarget "ReactUITests" */;
			buildPhases = (
				CBC3C3D21BA3222700251F19 /* Sources */,
				CBC3C3D31BA3222700251F19 /* Frameworks */,
				CBC3C3D41BA3222700251F19 /* Resources */,
			);
			buildRules = (
			);
			dependencies = (
				CBC3C3D81BA3222700251F19 /* PBXTargetDependency */,
			);
			name = ReactUITests;
			productName = ReactUITests;
			productReference = CBC3C3D61BA3222700251F19 /* ReactUITests.xctest */;
			productType = "com.apple.product-type.bundle.ui-testing";
		};
/* End PBXNativeTarget section */

/* Begin PBXProject section */
		CBC3C3AF1BA3222700251F19 /* Project object */ = {
			isa = PBXProject;
			attributes = {
				LastUpgradeCheck = 0700;
				ORGANIZATIONNAME = "Wes Billman";
				TargetAttributes = {
					CBC3C3B61BA3222700251F19 = {
						CreatedOnToolsVersion = 7.0;
					};
					CBC3C3CA1BA3222700251F19 = {
						CreatedOnToolsVersion = 7.0;
						TestTargetID = CBC3C3B61BA3222700251F19;
					};
					CBC3C3D51BA3222700251F19 = {
						CreatedOnToolsVersion = 7.0;
						TestTargetID = CBC3C3B61BA3222700251F19;
					};
				};
			};
			buildConfigurationList = CBC3C3B21BA3222700251F19 /* Build configuration list for PBXProject "React" */;
			compatibilityVersion = "Xcode 3.2";
			developmentRegion = English;
			hasScannedForEncodings = 0;
			knownRegions = (
				en,
				Base,
			);
			mainGroup = CBC3C3AE1BA3222700251F19;
			productRefGroup = CBC3C3B81BA3222700251F19 /* Products */;
			projectDirPath = "";
			projectRoot = "";
			targets = (
				CBC3C3B61BA3222700251F19 /* React */,
				CBC3C3CA1BA3222700251F19 /* ReactTests */,
				CBC3C3D51BA3222700251F19 /* ReactUITests */,
			);
		};
/* End PBXProject section */

/* Begin PBXResourcesBuildPhase section */
		CBC3C3B51BA3222700251F19 /* Resources */ = {
			isa = PBXResourcesBuildPhase;
			buildActionMask = 2147483647;
			files = (
				CBC3C3C51BA3222700251F19 /* LaunchScreen.storyboard in Resources */,
				CBC3C3C21BA3222700251F19 /* Assets.xcassets in Resources */,
			);
			runOnlyForDeploymentPostprocessing = 0;
		};
		CBC3C3C91BA3222700251F19 /* Resources */ = {
			isa = PBXResourcesBuildPhase;
			buildActionMask = 2147483647;
			files = (
			);
			runOnlyForDeploymentPostprocessing = 0;
		};
		CBC3C3D41BA3222700251F19 /* Resources */ = {
			isa = PBXResourcesBuildPhase;
			buildActionMask = 2147483647;
			files = (
			);
			runOnlyForDeploymentPostprocessing = 0;
		};
/* End PBXResourcesBuildPhase section */

/* Begin PBXSourcesBuildPhase section */
		CBC3C3B31BA3222700251F19 /* Sources */ = {
			isa = PBXSourcesBuildPhase;
			buildActionMask = 2147483647;
			files = (
				CBC3C40E1BA36F6F00251F19 /* Observables.swift in Sources */,
				CBC3C4121BA376FA00251F19 /* TableViewControllerBase.swift in Sources */,
				CBC3C3FE1BA33F3E00251F19 /* ViewControllerBase.swift in Sources */,
				CBC3C3FC1BA33EAD00251F19 /* ViewModelBase.swift in Sources */,
				CBC3C4011BA3423600251F19 /* ModelFactory.swift in Sources */,
				CBC3C4081BA34C1A00251F19 /* CarsViewModel.swift in Sources */,
				CBC3C40A1BA34C7B00251F19 /* CarsTableViewController.swift in Sources */,
				CBC3C3F81BA327E600251F19 /* CarViewModel.swift in Sources */,
				CBC3C4031BA3426200251F19 /* Car.swift in Sources */,
				CBC3C3BB1BA3222700251F19 /* AppDelegate.swift in Sources */,
				CBC3C4051BA3447400251F19 /* CarViewController.swift in Sources */,
			);
			runOnlyForDeploymentPostprocessing = 0;
		};
		CBC3C3C71BA3222700251F19 /* Sources */ = {
			isa = PBXSourcesBuildPhase;
			buildActionMask = 2147483647;
			files = (
				CBC3C3D01BA3222700251F19 /* ReactTests.swift in Sources */,
				CBC3C4241BA494D700251F19 /* ObservablesTests.swift in Sources */,
				CBC3C4201BA48C9500251F19 /* CarTests.swift in Sources */,
				CBC3C4171BA488ED00251F19 /* CarViewModelTests.swift in Sources */,
			);
			runOnlyForDeploymentPostprocessing = 0;
		};
		CBC3C3D21BA3222700251F19 /* Sources */ = {
			isa = PBXSourcesBuildPhase;
			buildActionMask = 2147483647;
			files = (
				CBC3C3DB1BA3222700251F19 /* ReactUITests.swift in Sources */,
			);
			runOnlyForDeploymentPostprocessing = 0;
		};
/* End PBXSourcesBuildPhase section */

/* Begin PBXTargetDependency section */
		CBC3C3CD1BA3222700251F19 /* PBXTargetDependency */ = {
			isa = PBXTargetDependency;
			target = CBC3C3B61BA3222700251F19 /* React */;
			targetProxy = CBC3C3CC1BA3222700251F19 /* PBXContainerItemProxy */;
		};
		CBC3C3D81BA3222700251F19 /* PBXTargetDependency */ = {
			isa = PBXTargetDependency;
			target = CBC3C3B61BA3222700251F19 /* React */;
			targetProxy = CBC3C3D71BA3222700251F19 /* PBXContainerItemProxy */;
		};
/* End PBXTargetDependency section */

/* Begin PBXVariantGroup section */
		CBC3C3C31BA3222700251F19 /* LaunchScreen.storyboard */ = {
			isa = PBXVariantGroup;
			children = (
				CBC3C3C41BA3222700251F19 /* Base */,
			);
			name = LaunchScreen.storyboard;
			sourceTree = "<group>";
		};
/* End PBXVariantGroup section */

/* Begin XCBuildConfiguration section */
		CBC3C3DD1BA3222700251F19 /* Debug */ = {
			isa = XCBuildConfiguration;
			buildSettings = {
				ALWAYS_SEARCH_USER_PATHS = NO;
				CLANG_CXX_LANGUAGE_STANDARD = "gnu++0x";
				CLANG_CXX_LIBRARY = "libc++";
				CLANG_ENABLE_MODULES = YES;
				CLANG_ENABLE_OBJC_ARC = YES;
				CLANG_WARN_BOOL_CONVERSION = YES;
				CLANG_WARN_CONSTANT_CONVERSION = YES;
				CLANG_WARN_DIRECT_OBJC_ISA_USAGE = YES_ERROR;
				CLANG_WARN_EMPTY_BODY = YES;
				CLANG_WARN_ENUM_CONVERSION = YES;
				CLANG_WARN_INT_CONVERSION = YES;
				CLANG_WARN_OBJC_ROOT_CLASS = YES_ERROR;
				CLANG_WARN_UNREACHABLE_CODE = YES;
				CLANG_WARN__DUPLICATE_METHOD_MATCH = YES;
				"CODE_SIGN_IDENTITY[sdk=iphoneos*]" = "iPhone Developer";
				COPY_PHASE_STRIP = NO;
				DEBUG_INFORMATION_FORMAT = dwarf;
				ENABLE_STRICT_OBJC_MSGSEND = YES;
				ENABLE_TESTABILITY = YES;
				GCC_C_LANGUAGE_STANDARD = gnu99;
				GCC_DYNAMIC_NO_PIC = NO;
				GCC_NO_COMMON_BLOCKS = YES;
				GCC_OPTIMIZATION_LEVEL = 0;
				GCC_PREPROCESSOR_DEFINITIONS = (
					"DEBUG=1",
					"$(inherited)",
				);
				GCC_WARN_64_TO_32_BIT_CONVERSION = YES;
				GCC_WARN_ABOUT_RETURN_TYPE = YES_ERROR;
				GCC_WARN_UNDECLARED_SELECTOR = YES;
				GCC_WARN_UNINITIALIZED_AUTOS = YES_AGGRESSIVE;
				GCC_WARN_UNUSED_FUNCTION = YES;
				GCC_WARN_UNUSED_VARIABLE = YES;
				IPHONEOS_DEPLOYMENT_TARGET = 9.0;
				MTL_ENABLE_DEBUG_INFO = YES;
				ONLY_ACTIVE_ARCH = YES;
				SDKROOT = iphoneos;
				SWIFT_OPTIMIZATION_LEVEL = "-Onone";
				TARGETED_DEVICE_FAMILY = "1,2";
			};
			name = Debug;
		};
		CBC3C3DE1BA3222700251F19 /* Release */ = {
			isa = XCBuildConfiguration;
			buildSettings = {
				ALWAYS_SEARCH_USER_PATHS = NO;
				CLANG_CXX_LANGUAGE_STANDARD = "gnu++0x";
				CLANG_CXX_LIBRARY = "libc++";
				CLANG_ENABLE_MODULES = YES;
				CLANG_ENABLE_OBJC_ARC = YES;
				CLANG_WARN_BOOL_CONVERSION = YES;
				CLANG_WARN_CONSTANT_CONVERSION = YES;
				CLANG_WARN_DIRECT_OBJC_ISA_USAGE = YES_ERROR;
				CLANG_WARN_EMPTY_BODY = YES;
				CLANG_WARN_ENUM_CONVERSION = YES;
				CLANG_WARN_INT_CONVERSION = YES;
				CLANG_WARN_OBJC_ROOT_CLASS = YES_ERROR;
				CLANG_WARN_UNREACHABLE_CODE = YES;
				CLANG_WARN__DUPLICATE_METHOD_MATCH = YES;
				"CODE_SIGN_IDENTITY[sdk=iphoneos*]" = "iPhone Developer";
				COPY_PHASE_STRIP = NO;
				DEBUG_INFORMATION_FORMAT = "dwarf-with-dsym";
				ENABLE_NS_ASSERTIONS = NO;
				ENABLE_STRICT_OBJC_MSGSEND = YES;
				GCC_C_LANGUAGE_STANDARD = gnu99;
				GCC_NO_COMMON_BLOCKS = YES;
				GCC_WARN_64_TO_32_BIT_CONVERSION = YES;
				GCC_WARN_ABOUT_RETURN_TYPE = YES_ERROR;
				GCC_WARN_UNDECLARED_SELECTOR = YES;
				GCC_WARN_UNINITIALIZED_AUTOS = YES_AGGRESSIVE;
				GCC_WARN_UNUSED_FUNCTION = YES;
				GCC_WARN_UNUSED_VARIABLE = YES;
				IPHONEOS_DEPLOYMENT_TARGET = 9.0;
				MTL_ENABLE_DEBUG_INFO = NO;
				SDKROOT = iphoneos;
				TARGETED_DEVICE_FAMILY = "1,2";
				VALIDATE_PRODUCT = YES;
			};
			name = Release;
		};
		CBC3C3E01BA3222700251F19 /* Debug */ = {
			isa = XCBuildConfiguration;
			buildSettings = {
				ASSETCATALOG_COMPILER_APPICON_NAME = AppIcon;
				FRAMEWORK_SEARCH_PATHS = (
					"$(inherited)",
					"$(PROJECT_DIR)/Carthage/Build/iOS",
				);
				INFOPLIST_FILE = React/Info.plist;
				LD_RUNPATH_SEARCH_PATHS = "$(inherited) @executable_path/Frameworks";
				PRODUCT_BUNDLE_IDENTIFIER = net.appiness.React;
				PRODUCT_NAME = "$(TARGET_NAME)";
			};
			name = Debug;
		};
		CBC3C3E11BA3222700251F19 /* Release */ = {
			isa = XCBuildConfiguration;
			buildSettings = {
				ASSETCATALOG_COMPILER_APPICON_NAME = AppIcon;
				FRAMEWORK_SEARCH_PATHS = (
					"$(inherited)",
					"$(PROJECT_DIR)/Carthage/Build/iOS",
				);
				INFOPLIST_FILE = React/Info.plist;
				LD_RUNPATH_SEARCH_PATHS = "$(inherited) @executable_path/Frameworks";
				PRODUCT_BUNDLE_IDENTIFIER = net.appiness.React;
				PRODUCT_NAME = "$(TARGET_NAME)";
			};
			name = Release;
		};
		CBC3C3E31BA3222700251F19 /* Debug */ = {
			isa = XCBuildConfiguration;
			buildSettings = {
				BUNDLE_LOADER = "$(TEST_HOST)";
				FRAMEWORK_SEARCH_PATHS = (
					"$(inherited)",
					"$(PROJECT_DIR)/Carthage/Build/iOS",
				);
				INFOPLIST_FILE = ReactTests/Info.plist;
				LD_RUNPATH_SEARCH_PATHS = "$(inherited) @executable_path/Frameworks @loader_path/Frameworks";
				PRODUCT_BUNDLE_IDENTIFIER = net.appiness.ReactTests;
				PRODUCT_NAME = "$(TARGET_NAME)";
				TEST_HOST = "$(BUILT_PRODUCTS_DIR)/React.app/React";
			};
			name = Debug;
		};
		CBC3C3E41BA3222700251F19 /* Release */ = {
			isa = XCBuildConfiguration;
			buildSettings = {
				BUNDLE_LOADER = "$(TEST_HOST)";
				FRAMEWORK_SEARCH_PATHS = (
					"$(inherited)",
					"$(PROJECT_DIR)/Carthage/Build/iOS",
				);
				INFOPLIST_FILE = ReactTests/Info.plist;
				LD_RUNPATH_SEARCH_PATHS = "$(inherited) @executable_path/Frameworks @loader_path/Frameworks";
				PRODUCT_BUNDLE_IDENTIFIER = net.appiness.ReactTests;
				PRODUCT_NAME = "$(TARGET_NAME)";
				TEST_HOST = "$(BUILT_PRODUCTS_DIR)/React.app/React";
			};
			name = Release;
		};
		CBC3C3E61BA3222700251F19 /* Debug */ = {
			isa = XCBuildConfiguration;
			buildSettings = {
				INFOPLIST_FILE = ReactUITests/Info.plist;
				LD_RUNPATH_SEARCH_PATHS = "$(inherited) @executable_path/Frameworks @loader_path/Frameworks";
				PRODUCT_BUNDLE_IDENTIFIER = net.appiness.ReactUITests;
				PRODUCT_NAME = "$(TARGET_NAME)";
				TEST_TARGET_NAME = React;
				USES_XCTRUNNER = YES;
			};
			name = Debug;
		};
		CBC3C3E71BA3222700251F19 /* Release */ = {
			isa = XCBuildConfiguration;
			buildSettings = {
				INFOPLIST_FILE = ReactUITests/Info.plist;
				LD_RUNPATH_SEARCH_PATHS = "$(inherited) @executable_path/Frameworks @loader_path/Frameworks";
				PRODUCT_BUNDLE_IDENTIFIER = net.appiness.ReactUITests;
				PRODUCT_NAME = "$(TARGET_NAME)";
				TEST_TARGET_NAME = React;
				USES_XCTRUNNER = YES;
			};
			name = Release;
		};
/* End XCBuildConfiguration section */

/* Begin XCConfigurationList section */
		CBC3C3B21BA3222700251F19 /* Build configuration list for PBXProject "React" */ = {
			isa = XCConfigurationList;
			buildConfigurations = (
				CBC3C3DD1BA3222700251F19 /* Debug */,
				CBC3C3DE1BA3222700251F19 /* Release */,
			);
			defaultConfigurationIsVisible = 0;
			defaultConfigurationName = Release;
		};
		CBC3C3DF1BA3222700251F19 /* Build configuration list for PBXNativeTarget "React" */ = {
			isa = XCConfigurationList;
			buildConfigurations = (
				CBC3C3E01BA3222700251F19 /* Debug */,
				CBC3C3E11BA3222700251F19 /* Release */,
			);
			defaultConfigurationIsVisible = 0;
			defaultConfigurationName = Release;
		};
		CBC3C3E21BA3222700251F19 /* Build configuration list for PBXNativeTarget "ReactTests" */ = {
			isa = XCConfigurationList;
			buildConfigurations = (
				CBC3C3E31BA3222700251F19 /* Debug */,
				CBC3C3E41BA3222700251F19 /* Release */,
			);
			defaultConfigurationIsVisible = 0;
			defaultConfigurationName = Release;
		};
		CBC3C3E51BA3222700251F19 /* Build configuration list for PBXNativeTarget "ReactUITests" */ = {
			isa = XCConfigurationList;
			buildConfigurations = (
				CBC3C3E61BA3222700251F19 /* Debug */,
				CBC3C3E71BA3222700251F19 /* Release */,
			);
			defaultConfigurationIsVisible = 0;
			defaultConfigurationName = Release;
		};
/* End XCConfigurationList section */
	};
	rootObject = CBC3C3AF1BA3222700251F19 /* Project object */;
}
